
Microsoft Visual Studio Solution File, Format Version 12.00
# Visual Studio Version 16
VisualStudioVersion = 16.0.29009.5
MinimumVisualStudioVersion = 10.0.40219.1
Project("{2150E333-8FDC-42A3-9474-1A3956D46DE8}") = "Application", "Application", "{D50A35C3-A791-4551-9C56-19B8E2C83D3D}"
EndProject
Project("{2150E333-8FDC-42A3-9474-1A3956D46DE8}") = "Domain", "Domain", "{C0261ED8-1478-4DD3-AC26-01FFE156024C}"
EndProject
Project("{2150E333-8FDC-42A3-9474-1A3956D46DE8}") = "Infa.IoC", "Infa.IoC", "{D3995588-A8FC-41D5-9587-EAD666EAD604}"
EndProject
Project("{2150E333-8FDC-42A3-9474-1A3956D46DE8}") = "Infa.Data", "Infa.Data", "{AEB25A12-0477-40BC-B606-A8F0ADF84337}"
EndProject
Project("{2150E333-8FDC-42A3-9474-1A3956D46DE8}") = "Presentation", "Presentation", "{0E0EBB80-1221-49A3-BF4F-19D27BB74D3F}"
EndProject
Project("{9A19103F-16F7-4668-BE54-9A1E7A4F7556}") = "CleanArch.WebAPI", "CleanArch.WebAPI\CleanArch.WebAPI.csproj", "{ED8E968B-7643-4AC6-B826-1761C1B98F90}"
EndProject
Project("{9A19103F-16F7-4668-BE54-9A1E7A4F7556}") = "CleanArch.Domain", "CleanArch.Domain\CleanArch.Domain.csproj", "{35A93615-2C39-442B-865F-C07B2498DB8B}"
EndProject
Project("{9A19103F-16F7-4668-BE54-9A1E7A4F7556}") = "CleanArch.Infra.Data", "CleanArch.Infra.Data\CleanArch.Infra.Data.csproj", "{F33A2223-2620-4EEF-9977-97D65082983B}"
EndProject
Project("{9A19103F-16F7-4668-BE54-9A1E7A4F7556}") = "CleanArch.Application", "CleanArch.Application\CleanArch.Application.csproj", "{946A5EE8-44B5-40B3-A232-5AB8922065D2}"
EndProject
Project("{9A19103F-16F7-4668-BE54-9A1E7A4F7556}") = "CleanArch.infra.IoC", "CleanArch.infra.IoC\CleanArch.infra.IoC.csproj", "{93C378CA-461B-4B27-A680-E3C25F7EF242}"
EndProject
Project("{2150E333-8FDC-42A3-9474-1A3956D46DE8}") = "Infra.Bus", "Infra.Bus", "{4614367E-581F-4CD1-ABE9-4262548328D4}"
EndProject
Project("{9A19103F-16F7-4668-BE54-9A1E7A4F7556}") = "CleanArch.Infra.Bus", "CleanArch.Infra.Bus\CleanArch.Infra.Bus.csproj", "{1446FF87-31C4-4271-9434-0F26CE00B299}"
EndProject
Project("{9A19103F-16F7-4668-BE54-9A1E7A4F7556}") = "CleanArch.Domain.Core", "CleanArch.Domain.Core\CleanArch.Domain.Core.csproj", "{BA65A3AB-25E0-4487-B70E-286BC25DFD86}"
EndProject
Project("{2150E333-8FDC-42A3-9474-1A3956D46DE8}") = "infra.Auth", "infra.Auth", "{3955A8EF-B479-4343-B68D-7347A3ECA222}"
EndProject
Project("{9A19103F-16F7-4668-BE54-9A1E7A4F7556}") = "CleanArch.Infra.Auth", "CleanArch.Infra.Auth\CleanArch.Infra.Auth.csproj", "{F3689813-9B7A-44A3-9480-BB5F3085D2E7}"
EndProject
Global
	GlobalSection(SolutionConfigurationPlatforms) = preSolution
		Debug|Any CPU = Debug|Any CPU
		Release|Any CPU = Release|Any CPU
	EndGlobalSection
	GlobalSection(ProjectConfigurationPlatforms) = postSolution
		{ED8E968B-7643-4AC6-B826-1761C1B98F90}.Debug|Any CPU.ActiveCfg = Debug|Any CPU
		{ED8E968B-7643-4AC6-B826-1761C1B98F90}.Debug|Any CPU.Build.0 = Debug|Any CPU
		{ED8E968B-7643-4AC6-B826-1761C1B98F90}.Release|Any CPU.ActiveCfg = Release|Any CPU
		{ED8E968B-7643-4AC6-B826-1761C1B98F90}.Release|Any CPU.Build.0 = Release|Any CPU
		{35A93615-2C39-442B-865F-C07B2498DB8B}.Debug|Any CPU.ActiveCfg = Debug|Any CPU
		{35A93615-2C39-442B-865F-C07B2498DB8B}.Debug|Any CPU.Build.0 = Debug|Any CPU
		{35A93615-2C39-442B-865F-C07B2498DB8B}.Release|Any CPU.ActiveCfg = Release|Any CPU
		{35A93615-2C39-442B-865F-C07B2498DB8B}.Release|Any CPU.Build.0 = Release|Any CPU
		{F33A2223-2620-4EEF-9977-97D65082983B}.Debug|Any CPU.ActiveCfg = Debug|Any CPU
		{F33A2223-2620-4EEF-9977-97D65082983B}.Debug|Any CPU.Build.0 = Debug|Any CPU
		{F33A2223-2620-4EEF-9977-97D65082983B}.Release|Any CPU.ActiveCfg = Release|Any CPU
		{F33A2223-2620-4EEF-9977-97D65082983B}.Release|Any CPU.Build.0 = Release|Any CPU
		{946A5EE8-44B5-40B3-A232-5AB8922065D2}.Debug|Any CPU.ActiveCfg = Debug|Any CPU
		{946A5EE8-44B5-40B3-A232-5AB8922065D2}.Debug|Any CPU.Build.0 = Debug|Any CPU
		{946A5EE8-44B5-40B3-A232-5AB8922065D2}.Release|Any CPU.ActiveCfg = Release|Any CPU
		{946A5EE8-44B5-40B3-A232-5AB8922065D2}.Release|Any CPU.Build.0 = Release|Any CPU
		{93C378CA-461B-4B27-A680-E3C25F7EF242}.Debug|Any CPU.ActiveCfg = Debug|Any CPU
		{93C378CA-461B-4B27-A680-E3C25F7EF242}.Debug|Any CPU.Build.0 = Debug|Any CPU
		{93C378CA-461B-4B27-A680-E3C25F7EF242}.Release|Any CPU.ActiveCfg = Release|Any CPU
		{93C378CA-461B-4B27-A680-E3C25F7EF242}.Release|Any CPU.Build.0 = Release|Any CPU
		{1446FF87-31C4-4271-9434-0F26CE00B299}.Debug|Any CPU.ActiveCfg = Debug|Any CPU
		{1446FF87-31C4-4271-9434-0F26CE00B299}.Debug|Any CPU.Build.0 = Debug|Any CPU
		{1446FF87-31C4-4271-9434-0F26CE00B299}.Release|Any CPU.ActiveCfg = Release|Any CPU
		{1446FF87-31C4-4271-9434-0F26CE00B299}.Release|Any CPU.Build.0 = Release|Any CPU
		{BA65A3AB-25E0-4487-B70E-286BC25DFD86}.Debug|Any CPU.ActiveCfg = Debug|Any CPU
		{BA65A3AB-25E0-4487-B70E-286BC25DFD86}.Debug|Any CPU.Build.0 = Debug|Any CPU
		{BA65A3AB-25E0-4487-B70E-286BC25DFD86}.Release|Any CPU.ActiveCfg = Release|Any CPU
		{BA65A3AB-25E0-4487-B70E-286BC25DFD86}.Release|Any CPU.Build.0 = Release|Any CPU
		{F3689813-9B7A-44A3-9480-BB5F3085D2E7}.Debug|Any CPU.ActiveCfg = Debug|Any CPU
		{F3689813-9B7A-44A3-9480-BB5F3085D2E7}.Debug|Any CPU.Build.0 = Debug|Any CPU
		{F3689813-9B7A-44A3-9480-BB5F3085D2E7}.Release|Any CPU.ActiveCfg = Release|Any CPU
		{F3689813-9B7A-44A3-9480-BB5F3085D2E7}.Release|Any CPU.Build.0 = Release|Any CPU
	EndGlobalSection
	GlobalSection(SolutionProperties) = preSolution
		HideSolutionNode = FALSE
	EndGlobalSection
	GlobalSection(NestedProjects) = preSolution
		{ED8E968B-7643-4AC6-B826-1761C1B98F90} = {0E0EBB80-1221-49A3-BF4F-19D27BB74D3F}
		{35A93615-2C39-442B-865F-C07B2498DB8B} = {C0261ED8-1478-4DD3-AC26-01FFE156024C}
		{F33A2223-2620-4EEF-9977-97D65082983B} = {AEB25A12-0477-40BC-B606-A8F0ADF84337}
		{946A5EE8-44B5-40B3-A232-5AB8922065D2} = {D50A35C3-A791-4551-9C56-19B8E2C83D3D}
		{93C378CA-461B-4B27-A680-E3C25F7EF242} = {D3995588-A8FC-41D5-9587-EAD666EAD604}
		{1446FF87-31C4-4271-9434-0F26CE00B299} = {4614367E-581F-4CD1-ABE9-4262548328D4}
		{BA65A3AB-25E0-4487-B70E-286BC25DFD86} = {C0261ED8-1478-4DD3-AC26-01FFE156024C}
		{F3689813-9B7A-44A3-9480-BB5F3085D2E7} = {3955A8EF-B479-4343-B68D-7347A3ECA222}
	EndGlobalSection
	GlobalSection(ExtensibilityGlobals) = postSolution
		SolutionGuid = {EAF2C87B-389D-45DE-BF75-DF067818FAE8}
	EndGlobalSection
EndGlobal
